
Microsoft Visual Studio Solution File, Format Version 12.00
# Visual Studio Version 17
VisualStudioVersion = 17.4.33122.133
MinimumVisualStudioVersion = 10.0.40219.1
Project("{FAE04EC0-301F-11D3-BF4B-00C04F79EFBC}") = "ConsoleTest1", "ConsoleTest1\ConsoleTest1.csproj", "{66DB48F4-38E3-4307-B155-2E0F0B25C816}"
EndProject
Global
	GlobalSection(SolutionConfigurationPlatforms) = preSolution
		Debug|Any CPU = Debug|Any CPU
		Release|Any CPU = Release|Any CPU
	EndGlobalSection
	GlobalSection(ProjectConfigurationPlatforms) = postSolution
		{66DB48F4-38E3-4307-B155-2E0F0B25C816}.Debug|Any CPU.ActiveCfg = Debug|Any CPU
		{66DB48F4-38E3-4307-B155-2E0F0B25C816}.Debug|Any CPU.Build.0 = Debug|Any CPU
		{66DB48F4-38E3-4307-B155-2E0F0B25C816}.Release|Any CPU.ActiveCfg = Release|Any CPU
		{66DB48F4-38E3-4307-B155-2E0F0B25C816}.Release|Any CPU.Build.0 = Release|Any CPU
	EndGlobalSection
	GlobalSection(SolutionProperties) = preSolution
		HideSolutionNode = FALSE
	EndGlobalSection
	GlobalSection(ExtensibilityGlobals) = postSolution
		SolutionGuid = {71AF63BC-FB7F-4EFE-AF5F-99CC2603C38E}
	EndGlobalSection
EndGlobal
